{
  "version": 4,
  "terraform_version": "0.12.26",
  "serial": 16,
  "lineage": "4be8b27e-7cba-2d79-69ee-f0daf7420810",
  "outputs": {
    "my_sec_public_ip": {
      "value": "",
      "type": "string"
    },
    "myavzon": {
      "value": "ap-south-1b",
      "type": "string"
    },
    "myoutebs": {
      "value": "vol-0f56fc32df0a293d1",
      "type": "string"
    }
  },
  "resources": [
    {
      "mode": "managed",
      "type": "aws_ebs_volume",
      "name": "esb2",
      "provider": "provider.aws",
      "instances": [
        {
          "schema_version": 0,
          "attributes": {
            "arn": "arn:aws:ec2:ap-south-1:586230758064:volume/vol-0f56fc32df0a293d1",
            "availability_zone": "ap-south-1b",
            "encrypted": false,
            "id": "vol-0f56fc32df0a293d1",
            "iops": 100,
            "kms_key_id": "",
            "multi_attach_enabled": false,
            "outpost_arn": "",
            "size": 1,
            "snapshot_id": "",
            "tags": {
              "Name": "myebs1"
            },
            "type": "gp2"
          },
          "private": "bnVsbA==",
          "dependencies": [
            "aws_instance.myinstance"
          ]
        }
      ]
    },
    {
      "mode": "managed",
      "type": "aws_instance",
      "name": "myinstance",
      "provider": "provider.aws",
      "instances": [
        {
          "schema_version": 1,
          "attributes": {
            "ami": "ami-005956c5f0f757d37",
            "arn": "arn:aws:ec2:ap-south-1:586230758064:instance/i-0ac921cc19a2c1144",
            "associate_public_ip_address": false,
            "availability_zone": "ap-south-1b",
            "cpu_core_count": 1,
            "cpu_threads_per_core": 1,
            "credit_specification": [
              {
                "cpu_credits": "standard"
              }
            ],
            "disable_api_termination": false,
            "ebs_block_device": [],
            "ebs_optimized": false,
            "ephemeral_block_device": [],
            "get_password_data": false,
            "hibernation": false,
            "host_id": null,
            "iam_instance_profile": "",
            "id": "i-0ac921cc19a2c1144",
            "instance_initiated_shutdown_behavior": null,
            "instance_state": "stopped",
            "instance_type": "t2.micro",
            "ipv6_address_count": 0,
            "ipv6_addresses": [],
            "key_name": "mykey",
            "metadata_options": [
              {
                "http_endpoint": "enabled",
                "http_put_response_hop_limit": 1,
                "http_tokens": "optional"
              }
            ],
            "monitoring": false,
            "network_interface": [],
            "network_interface_id": null,
            "outpost_arn": "",
            "password_data": "",
            "placement_group": "",
            "primary_network_interface_id": "eni-0f12a6a996605c110",
            "private_dns": "ip-172-31-15-85.ap-south-1.compute.internal",
            "private_ip": "172.31.15.85",
            "public_dns": "",
            "public_ip": "",
            "root_block_device": [
              {
                "delete_on_termination": true,
                "device_name": "/dev/xvda",
                "encrypted": false,
                "iops": 100,
                "kms_key_id": "",
                "volume_id": "vol-0069cefb7f2901719",
                "volume_size": 8,
                "volume_type": "gp2"
              }
            ],
            "security_groups": [
              "myssh"
            ],
            "source_dest_check": true,
            "subnet_id": "subnet-7fec7033",
            "tags": {
              "Name": "PrincePrashant"
            },
            "tenancy": "default",
            "timeouts": null,
            "user_data": null,
            "user_data_base64": null,
            "volume_tags": {},
            "vpc_security_group_ids": [
              "sg-0bb311ae4a0ce757d"
            ]
          },
          "private": "eyJlMmJmYjczMC1lY2FhLTExZTYtOGY4OC0zNDM2M2JjN2M0YzAiOnsiY3JlYXRlIjo2MDAwMDAwMDAwMDAsImRlbGV0ZSI6MTIwMDAwMDAwMDAwMCwidXBkYXRlIjo2MDAwMDAwMDAwMDB9LCJzY2hlbWFfdmVyc2lvbiI6IjEifQ=="
        }
      ]
    },
    {
      "mode": "managed",
      "type": "aws_s3_bucket",
      "name": "Prince",
      "provider": "provider.aws",
      "instances": [
        {
          "schema_version": 0,
          "attributes": {
            "acceleration_status": "",
            "acl": "private",
            "arn": "arn:aws:s3:::pps-prince",
            "bucket": "pps-prince",
            "bucket_domain_name": "pps-prince.s3.amazonaws.com",
            "bucket_prefix": null,
            "bucket_regional_domain_name": "pps-prince.s3.ap-south-1.amazonaws.com",
            "cors_rule": [],
            "force_destroy": false,
            "grant": [],
            "hosted_zone_id": "Z11RGJOFQNVJUP",
            "id": "pps-prince",
            "lifecycle_rule": [],
            "logging": [],
            "object_lock_configuration": [],
            "policy": null,
            "region": "ap-south-1",
            "replication_configuration": [],
            "request_payer": "BucketOwner",
            "server_side_encryption_configuration": [],
            "tags": {
              "Environment": "Dev",
              "Name": "PPS"
            },
            "versioning": [
              {
                "enabled": false,
                "mfa_delete": false
              }
            ],
            "website": [],
            "website_domain": null,
            "website_endpoint": null
          },
          "private": "bnVsbA=="
        }
      ]
    },
    {
      "mode": "managed",
      "type": "aws_volume_attachment",
      "name": "ebs_att",
      "provider": "provider.aws",
      "instances": [
        {
          "schema_version": 0,
          "attributes": {
            "device_name": "/dev/sdd",
            "force_detach": null,
            "id": "vai-1071984599",
            "instance_id": "i-0ac921cc19a2c1144",
            "skip_destroy": null,
            "volume_id": "vol-0f56fc32df0a293d1"
          },
          "private": "bnVsbA==",
          "dependencies": [
            "aws_ebs_volume.esb2",
            "aws_instance.myinstance"
          ]
        }
      ]
    }
  ]
}
